
Microsoft Visual Studio Solution File, Format Version 12.00
# Visual Studio 15
VisualStudioVersion = 15.0.28307.102
MinimumVisualStudioVersion = 10.0.40219.1
Project("{FAE04EC0-301F-11D3-BF4B-00C04F79EFBC}") = "CAN.Android", "CAN\CAN.Android\CAN.Android.csproj", "{0DA0A4FD-6B09-4368-BE7A-01C3F6BB47F7}"
EndProject
Project("{FAE04EC0-301F-11D3-BF4B-00C04F79EFBC}") = "CAN.iOS", "CAN\CAN.iOS\CAN.iOS.csproj", "{C2E0E81E-933F-4777-BDBA-0600E0A858BA}"
EndProject
Project("{FAE04EC0-301F-11D3-BF4B-00C04F79EFBC}") = "CAN", "CAN\CAN\CAN.csproj", "{D4B7924A-AC7B-4231-9D65-3CCB98D403E1}"
EndProject
Global
	GlobalSection(SolutionConfigurationPlatforms) = preSolution
		Ad-Hoc|Any CPU = Ad-Hoc|Any CPU
		Ad-Hoc|iPhone = Ad-Hoc|iPhone
		Ad-Hoc|iPhoneSimulator = Ad-Hoc|iPhoneSimulator
		AppStore|Any CPU = AppStore|Any CPU
		AppStore|iPhone = AppStore|iPhone
		AppStore|iPhoneSimulator = AppStore|iPhoneSimulator
		Debug|Any CPU = Debug|Any CPU
		Debug|iPhone = Debug|iPhone
		Debug|iPhoneSimulator = Debug|iPhoneSimulator
		Release|Any CPU = Release|Any CPU
		Release|iPhone = Release|iPhone
		Release|iPhoneSimulator = Release|iPhoneSimulator
	EndGlobalSection
	GlobalSection(ProjectConfigurationPlatforms) = postSolution
		{0DA0A4FD-6B09-4368-BE7A-01C3F6BB47F7}.Ad-Hoc|Any CPU.ActiveCfg = Release|Any CPU
		{0DA0A4FD-6B09-4368-BE7A-01C3F6BB47F7}.Ad-Hoc|Any CPU.Build.0 = Release|Any CPU
		{0DA0A4FD-6B09-4368-BE7A-01C3F6BB47F7}.Ad-Hoc|Any CPU.Deploy.0 = Release|Any CPU
		{0DA0A4FD-6B09-4368-BE7A-01C3F6BB47F7}.Ad-Hoc|iPhone.ActiveCfg = Release|Any CPU
		{0DA0A4FD-6B09-4368-BE7A-01C3F6BB47F7}.Ad-Hoc|iPhone.Build.0 = Release|Any CPU
		{0DA0A4FD-6B09-4368-BE7A-01C3F6BB47F7}.Ad-Hoc|iPhone.Deploy.0 = Release|Any CPU
		{0DA0A4FD-6B09-4368-BE7A-01C3F6BB47F7}.Ad-Hoc|iPhoneSimulator.ActiveCfg = Release|Any CPU
		{0DA0A4FD-6B09-4368-BE7A-01C3F6BB47F7}.Ad-Hoc|iPhoneSimulator.Build.0 = Release|Any CPU
		{0DA0A4FD-6B09-4368-BE7A-01C3F6BB47F7}.Ad-Hoc|iPhoneSimulator.Deploy.0 = Release|Any CPU
		{0DA0A4FD-6B09-4368-BE7A-01C3F6BB47F7}.AppStore|Any CPU.ActiveCfg = Release|Any CPU
		{0DA0A4FD-6B09-4368-BE7A-01C3F6BB47F7}.AppStore|Any CPU.Build.0 = Release|Any CPU
		{0DA0A4FD-6B09-4368-BE7A-01C3F6BB47F7}.AppStore|Any CPU.Deploy.0 = Release|Any CPU
		{0DA0A4FD-6B09-4368-BE7A-01C3F6BB47F7}.AppStore|iPhone.ActiveCfg = Release|Any CPU
		{0DA0A4FD-6B09-4368-BE7A-01C3F6BB47F7}.AppStore|iPhone.Build.0 = Release|Any CPU
		{0DA0A4FD-6B09-4368-BE7A-01C3F6BB47F7}.AppStore|iPhone.Deploy.0 = Release|Any CPU
		{0DA0A4FD-6B09-4368-BE7A-01C3F6BB47F7}.AppStore|iPhoneSimulator.ActiveCfg = Release|Any CPU
		{0DA0A4FD-6B09-4368-BE7A-01C3F6BB47F7}.AppStore|iPhoneSimulator.Build.0 = Release|Any CPU
		{0DA0A4FD-6B09-4368-BE7A-01C3F6BB47F7}.AppStore|iPhoneSimulator.Deploy.0 = Release|Any CPU
		{0DA0A4FD-6B09-4368-BE7A-01C3F6BB47F7}.Debug|Any CPU.ActiveCfg = Debug|Any CPU
		{0DA0A4FD-6B09-4368-BE7A-01C3F6BB47F7}.Debug|Any CPU.Build.0 = Debug|Any CPU
		{0DA0A4FD-6B09-4368-BE7A-01C3F6BB47F7}.Debug|Any CPU.Deploy.0 = Debug|Any CPU
		{0DA0A4FD-6B09-4368-BE7A-01C3F6BB47F7}.Debug|iPhone.ActiveCfg = Debug|Any CPU
		{0DA0A4FD-6B09-4368-BE7A-01C3F6BB47F7}.Debug|iPhone.Build.0 = Debug|Any CPU
		{0DA0A4FD-6B09-4368-BE7A-01C3F6BB47F7}.Debug|iPhone.Deploy.0 = Debug|Any CPU
		{0DA0A4FD-6B09-4368-BE7A-01C3F6BB47F7}.Debug|iPhoneSimulator.ActiveCfg = Debug|Any CPU
		{0DA0A4FD-6B09-4368-BE7A-01C3F6BB47F7}.Debug|iPhoneSimulator.Build.0 = Debug|Any CPU
		{0DA0A4FD-6B09-4368-BE7A-01C3F6BB47F7}.Debug|iPhoneSimulator.Deploy.0 = Debug|Any CPU
		{0DA0A4FD-6B09-4368-BE7A-01C3F6BB47F7}.Release|Any CPU.ActiveCfg = Release|Any CPU
		{0DA0A4FD-6B09-4368-BE7A-01C3F6BB47F7}.Release|Any CPU.Build.0 = Release|Any CPU
		{0DA0A4FD-6B09-4368-BE7A-01C3F6BB47F7}.Release|Any CPU.Deploy.0 = Release|Any CPU
		{0DA0A4FD-6B09-4368-BE7A-01C3F6BB47F7}.Release|iPhone.ActiveCfg = Release|Any CPU
		{0DA0A4FD-6B09-4368-BE7A-01C3F6BB47F7}.Release|iPhone.Build.0 = Release|Any CPU
		{0DA0A4FD-6B09-4368-BE7A-01C3F6BB47F7}.Release|iPhone.Deploy.0 = Release|Any CPU
		{0DA0A4FD-6B09-4368-BE7A-01C3F6BB47F7}.Release|iPhoneSimulator.ActiveCfg = Release|Any CPU
		{0DA0A4FD-6B09-4368-BE7A-01C3F6BB47F7}.Release|iPhoneSimulator.Build.0 = Release|Any CPU
		{0DA0A4FD-6B09-4368-BE7A-01C3F6BB47F7}.Release|iPhoneSimulator.Deploy.0 = Release|Any CPU
		{C2E0E81E-933F-4777-BDBA-0600E0A858BA}.Ad-Hoc|Any CPU.ActiveCfg = Ad-Hoc|iPhone
		{C2E0E81E-933F-4777-BDBA-0600E0A858BA}.Ad-Hoc|Any CPU.Build.0 = Ad-Hoc|iPhone
		{C2E0E81E-933F-4777-BDBA-0600E0A858BA}.Ad-Hoc|Any CPU.Deploy.0 = Ad-Hoc|iPhone
		{C2E0E81E-933F-4777-BDBA-0600E0A858BA}.Ad-Hoc|iPhone.ActiveCfg = Ad-Hoc|iPhone
		{C2E0E81E-933F-4777-BDBA-0600E0A858BA}.Ad-Hoc|iPhone.Build.0 = Ad-Hoc|iPhone
		{C2E0E81E-933F-4777-BDBA-0600E0A858BA}.Ad-Hoc|iPhone.Deploy.0 = Ad-Hoc|iPhone
		{C2E0E81E-933F-4777-BDBA-0600E0A858BA}.Ad-Hoc|iPhoneSimulator.ActiveCfg = Ad-Hoc|iPhoneSimulator
		{C2E0E81E-933F-4777-BDBA-0600E0A858BA}.Ad-Hoc|iPhoneSimulator.Build.0 = Ad-Hoc|iPhoneSimulator
		{C2E0E81E-933F-4777-BDBA-0600E0A858BA}.Ad-Hoc|iPhoneSimulator.Deploy.0 = Ad-Hoc|iPhoneSimulator
		{C2E0E81E-933F-4777-BDBA-0600E0A858BA}.AppStore|Any CPU.ActiveCfg = AppStore|iPhone
		{C2E0E81E-933F-4777-BDBA-0600E0A858BA}.AppStore|Any CPU.Build.0 = AppStore|iPhone
		{C2E0E81E-933F-4777-BDBA-0600E0A858BA}.AppStore|Any CPU.Deploy.0 = AppStore|iPhone
		{C2E0E81E-933F-4777-BDBA-0600E0A858BA}.AppStore|iPhone.ActiveCfg = AppStore|iPhone
		{C2E0E81E-933F-4777-BDBA-0600E0A858BA}.AppStore|iPhone.Build.0 = AppStore|iPhone
		{C2E0E81E-933F-4777-BDBA-0600E0A858BA}.AppStore|iPhone.Deploy.0 = AppStore|iPhone
		{C2E0E81E-933F-4777-BDBA-0600E0A858BA}.AppStore|iPhoneSimulator.ActiveCfg = AppStore|iPhoneSimulator
		{C2E0E81E-933F-4777-BDBA-0600E0A858BA}.AppStore|iPhoneSimulator.Build.0 = AppStore|iPhoneSimulator
		{C2E0E81E-933F-4777-BDBA-0600E0A858BA}.AppStore|iPhoneSimulator.Deploy.0 = AppStore|iPhoneSimulator
		{C2E0E81E-933F-4777-BDBA-0600E0A858BA}.Debug|Any CPU.ActiveCfg = Debug|iPhoneSimulator
		{C2E0E81E-933F-4777-BDBA-0600E0A858BA}.Debug|Any CPU.Build.0 = Debug|iPhoneSimulator
		{C2E0E81E-933F-4777-BDBA-0600E0A858BA}.Debug|Any CPU.Deploy.0 = Debug|iPhoneSimulator
		{C2E0E81E-933F-4777-BDBA-0600E0A858BA}.Debug|iPhone.ActiveCfg = Debug|iPhone
		{C2E0E81E-933F-4777-BDBA-0600E0A858BA}.Debug|iPhone.Build.0 = Debug|iPhone
		{C2E0E81E-933F-4777-BDBA-0600E0A858BA}.Debug|iPhone.Deploy.0 = Debug|iPhone
		{C2E0E81E-933F-4777-BDBA-0600E0A858BA}.Debug|iPhoneSimulator.ActiveCfg = Debug|iPhoneSimulator
		{C2E0E81E-933F-4777-BDBA-0600E0A858BA}.Debug|iPhoneSimulator.Build.0 = Debug|iPhoneSimulator
		{C2E0E81E-933F-4777-BDBA-0600E0A858BA}.Debug|iPhoneSimulator.Deploy.0 = Debug|iPhoneSimulator
		{C2E0E81E-933F-4777-BDBA-0600E0A858BA}.Release|Any CPU.ActiveCfg = Release|iPhone
		{C2E0E81E-933F-4777-BDBA-0600E0A858BA}.Release|Any CPU.Build.0 = Release|iPhone
		{C2E0E81E-933F-4777-BDBA-0600E0A858BA}.Release|Any CPU.Deploy.0 = Release|iPhone
		{C2E0E81E-933F-4777-BDBA-0600E0A858BA}.Release|iPhone.ActiveCfg = Release|iPhone
		{C2E0E81E-933F-4777-BDBA-0600E0A858BA}.Release|iPhone.Build.0 = Release|iPhone
		{C2E0E81E-933F-4777-BDBA-0600E0A858BA}.Release|iPhone.Deploy.0 = Release|iPhone
		{C2E0E81E-933F-4777-BDBA-0600E0A858BA}.Release|iPhoneSimulator.ActiveCfg = Release|iPhoneSimulator
		{C2E0E81E-933F-4777-BDBA-0600E0A858BA}.Release|iPhoneSimulator.Build.0 = Release|iPhoneSimulator
		{C2E0E81E-933F-4777-BDBA-0600E0A858BA}.Release|iPhoneSimulator.Deploy.0 = Release|iPhoneSimulator
		{D4B7924A-AC7B-4231-9D65-3CCB98D403E1}.Ad-Hoc|Any CPU.ActiveCfg = Debug|Any CPU
		{D4B7924A-AC7B-4231-9D65-3CCB98D403E1}.Ad-Hoc|Any CPU.Build.0 = Debug|Any CPU
		{D4B7924A-AC7B-4231-9D65-3CCB98D403E1}.Ad-Hoc|Any CPU.Deploy.0 = Debug|Any CPU
		{D4B7924A-AC7B-4231-9D65-3CCB98D403E1}.Ad-Hoc|iPhone.ActiveCfg = Debug|Any CPU
		{D4B7924A-AC7B-4231-9D65-3CCB98D403E1}.Ad-Hoc|iPhone.Build.0 = Debug|Any CPU
		{D4B7924A-AC7B-4231-9D65-3CCB98D403E1}.Ad-Hoc|iPhone.Deploy.0 = Debug|Any CPU
		{D4B7924A-AC7B-4231-9D65-3CCB98D403E1}.Ad-Hoc|iPhoneSimulator.ActiveCfg = Debug|Any CPU
		{D4B7924A-AC7B-4231-9D65-3CCB98D403E1}.Ad-Hoc|iPhoneSimulator.Build.0 = Debug|Any CPU
		{D4B7924A-AC7B-4231-9D65-3CCB98D403E1}.Ad-Hoc|iPhoneSimulator.Deploy.0 = Debug|Any CPU
		{D4B7924A-AC7B-4231-9D65-3CCB98D403E1}.AppStore|Any CPU.ActiveCfg = Debug|Any CPU
		{D4B7924A-AC7B-4231-9D65-3CCB98D403E1}.AppStore|Any CPU.Build.0 = Debug|Any CPU
		{D4B7924A-AC7B-4231-9D65-3CCB98D403E1}.AppStore|Any CPU.Deploy.0 = Debug|Any CPU
		{D4B7924A-AC7B-4231-9D65-3CCB98D403E1}.AppStore|iPhone.ActiveCfg = Debug|Any CPU
		{D4B7924A-AC7B-4231-9D65-3CCB98D403E1}.AppStore|iPhone.Build.0 = Debug|Any CPU
		{D4B7924A-AC7B-4231-9D65-3CCB98D403E1}.AppStore|iPhone.Deploy.0 = Debug|Any CPU
		{D4B7924A-AC7B-4231-9D65-3CCB98D403E1}.AppStore|iPhoneSimulator.ActiveCfg = Debug|Any CPU
		{D4B7924A-AC7B-4231-9D65-3CCB98D403E1}.AppStore|iPhoneSimulator.Build.0 = Debug|Any CPU
		{D4B7924A-AC7B-4231-9D65-3CCB98D403E1}.AppStore|iPhoneSimulator.Deploy.0 = Debug|Any CPU
		{D4B7924A-AC7B-4231-9D65-3CCB98D403E1}.Debug|Any CPU.ActiveCfg = Debug|Any CPU
		{D4B7924A-AC7B-4231-9D65-3CCB98D403E1}.Debug|Any CPU.Build.0 = Debug|Any CPU
		{D4B7924A-AC7B-4231-9D65-3CCB98D403E1}.Debug|Any CPU.Deploy.0 = Debug|Any CPU
		{D4B7924A-AC7B-4231-9D65-3CCB98D403E1}.Debug|iPhone.ActiveCfg = Debug|Any CPU
		{D4B7924A-AC7B-4231-9D65-3CCB98D403E1}.Debug|iPhone.Build.0 = Debug|Any CPU
		{D4B7924A-AC7B-4231-9D65-3CCB98D403E1}.Debug|iPhone.Deploy.0 = Debug|Any CPU
		{D4B7924A-AC7B-4231-9D65-3CCB98D403E1}.Debug|iPhoneSimulator.ActiveCfg = Debug|Any CPU
		{D4B7924A-AC7B-4231-9D65-3CCB98D403E1}.Debug|iPhoneSimulator.Build.0 = Debug|Any CPU
		{D4B7924A-AC7B-4231-9D65-3CCB98D403E1}.Debug|iPhoneSimulator.Deploy.0 = Debug|Any CPU
		{D4B7924A-AC7B-4231-9D65-3CCB98D403E1}.Release|Any CPU.ActiveCfg = Release|Any CPU
		{D4B7924A-AC7B-4231-9D65-3CCB98D403E1}.Release|Any CPU.Build.0 = Release|Any CPU
		{D4B7924A-AC7B-4231-9D65-3CCB98D403E1}.Release|Any CPU.Deploy.0 = Release|Any CPU
		{D4B7924A-AC7B-4231-9D65-3CCB98D403E1}.Release|iPhone.ActiveCfg = Release|Any CPU
		{D4B7924A-AC7B-4231-9D65-3CCB98D403E1}.Release|iPhone.Build.0 = Release|Any CPU
		{D4B7924A-AC7B-4231-9D65-3CCB98D403E1}.Release|iPhone.Deploy.0 = Release|Any CPU
		{D4B7924A-AC7B-4231-9D65-3CCB98D403E1}.Release|iPhoneSimulator.ActiveCfg = Release|Any CPU
		{D4B7924A-AC7B-4231-9D65-3CCB98D403E1}.Release|iPhoneSimulator.Build.0 = Release|Any CPU
		{D4B7924A-AC7B-4231-9D65-3CCB98D403E1}.Release|iPhoneSimulator.Deploy.0 = Release|Any CPU
	EndGlobalSection
	GlobalSection(SolutionProperties) = preSolution
		HideSolutionNode = FALSE
	EndGlobalSection
	GlobalSection(ExtensibilityGlobals) = postSolution
		SolutionGuid = {08BD9BFD-A782-4D2F-862A-BE5A84A85EDD}
	EndGlobalSection
EndGlobal
